// !$*UTF8*$!
{
	archiveVersion = 1;
	classes = {
	};
	objectVersion = 46;
	objects = {

/* Begin PBXBuildFile section */
		741C1E41168CB20400FAB66C /* UIKit.framework in Frameworks */ = {isa = PBXBuildFile; fileRef = 741C1E40168CB20400FAB66C /* UIKit.framework */; };
		741C1E43168CB20400FAB66C /* Foundation.framework in Frameworks */ = {isa = PBXBuildFile; fileRef = 741C1E42168CB20400FAB66C /* Foundation.framework */; };
		741C1E45168CB20400FAB66C /* CoreGraphics.framework in Frameworks */ = {isa = PBXBuildFile; fileRef = 741C1E44168CB20400FAB66C /* CoreGraphics.framework */; };
		741C1E4B168CB20400FAB66C /* InfoPlist.strings in Resources */ = {isa = PBXBuildFile; fileRef = 741C1E49168CB20400FAB66C /* InfoPlist.strings */; };
		741C1E4D168CB20400FAB66C /* main.m in Sources */ = {isa = PBXBuildFile; fileRef = 741C1E4C168CB20400FAB66C /* main.m */; };
		741C1E51168CB20400FAB66C /* AppDelegate.m in Sources */ = {isa = PBXBuildFile; fileRef = 741C1E50168CB20400FAB66C /* AppDelegate.m */; };
		741C1E53168CB20400FAB66C /* Default.png in Resources */ = {isa = PBXBuildFile; fileRef = 741C1E52168CB20400FAB66C /* Default.png */; };
		741C1E55168CB20400FAB66C /* Default@2x.png in Resources */ = {isa = PBXBuildFile; fileRef = 741C1E54168CB20400FAB66C /* Default@2x.png */; };
		741C1E5A168CB20400FAB66C /* MainViewController.m in Sources */ = {isa = PBXBuildFile; fileRef = 741C1E59168CB20400FAB66C /* MainViewController.m */; };
		741C1E5D168CB20400FAB66C /* MainViewController_iPhone.xib in Resources */ = {isa = PBXBuildFile; fileRef = 741C1E5B168CB20400FAB66C /* MainViewController_iPhone.xib */; };
		741C1E60168CB20400FAB66C /* MainViewController_iPad.xib in Resources */ = {isa = PBXBuildFile; fileRef = 741C1E5E168CB20400FAB66C /* MainViewController_iPad.xib */; };
		741C1E68168CB20400FAB66C /* SenTestingKit.framework in Frameworks */ = {isa = PBXBuildFile; fileRef = 741C1E67168CB20400FAB66C /* SenTestingKit.framework */; };
		741C1E69168CB20400FAB66C /* UIKit.framework in Frameworks */ = {isa = PBXBuildFile; fileRef = 741C1E40168CB20400FAB66C /* UIKit.framework */; };
		741C1E6A168CB20400FAB66C /* Foundation.framework in Frameworks */ = {isa = PBXBuildFile; fileRef = 741C1E42168CB20400FAB66C /* Foundation.framework */; };
		741C1E72168CB20400FAB66C /* InfoPlist.strings in Resources */ = {isa = PBXBuildFile; fileRef = 741C1E70168CB20400FAB66C /* InfoPlist.strings */; };
		741C1E75168CB20400FAB66C /* MyWays_iOSTests.m in Sources */ = {isa = PBXBuildFile; fileRef = 741C1E74168CB20400FAB66C /* MyWays_iOSTests.m */; };
		745EE8DD169F794800FE60E9 /* IGNTilesSourceCapabilities.m in Sources */ = {isa = PBXBuildFile; fileRef = 745EE8DC169F794800FE60E9 /* IGNTilesSourceCapabilities.m */; };
		74853BF516B1D1C30005E3C5 /* WayListViewController.m in Sources */ = {isa = PBXBuildFile; fileRef = 74853BF316B1D1C30005E3C5 /* WayListViewController.m */; };
		74853BF616B1D1C30005E3C5 /* WayListViewController.m in Sources */ = {isa = PBXBuildFile; fileRef = 74853BF316B1D1C30005E3C5 /* WayListViewController.m */; };
		74853BF716B1D1C30005E3C5 /* WayListViewController.xib in Resources */ = {isa = PBXBuildFile; fileRef = 74853BF416B1D1C30005E3C5 /* WayListViewController.xib */; };
		74853BF816B1D1C30005E3C5 /* WayListViewController.xib in Resources */ = {isa = PBXBuildFile; fileRef = 74853BF416B1D1C30005E3C5 /* WayListViewController.xib */; };
		7494E8C0168CDA8200E3F866 /* CoreLocation.framework in Frameworks */ = {isa = PBXBuildFile; fileRef = 7494E8BF168CDA8200E3F866 /* CoreLocation.framework */; };
		7494E8CF168CE1F000E3F866 /* Utils.m in Sources */ = {isa = PBXBuildFile; fileRef = 7494E8CE168CE1F000E3F866 /* Utils.m */; };
		7494E8D9168CEACB00E3F866 /* MenuViewController.m in Sources */ = {isa = PBXBuildFile; fileRef = 7494E8D7168CEACB00E3F866 /* MenuViewController.m */; };
		7494E8DA168CEACB00E3F866 /* MenuViewController.xib in Resources */ = {isa = PBXBuildFile; fileRef = 7494E8D8168CEACB00E3F866 /* MenuViewController.xib */; };
		7494E8E3168CED3500E3F866 /* navBar_background_dark@2x.png in Resources */ = {isa = PBXBuildFile; fileRef = 7494E8DF168CED3500E3F866 /* navBar_background_dark@2x.png */; };
		7494E8E4168CED3500E3F866 /* navBar_background_light@2x.png in Resources */ = {isa = PBXBuildFile; fileRef = 7494E8E0168CED3500E3F866 /* navBar_background_light@2x.png */; };
		7494E8E9168CEDAD00E3F866 /* navBar_button_active@2x.png in Resources */ = {isa = PBXBuildFile; fileRef = 7494E8E7168CEDAD00E3F866 /* navBar_button_active@2x.png */; };
		7494E8EA168CEDAD00E3F866 /* navBar_button_press@2x.png in Resources */ = {isa = PBXBuildFile; fileRef = 7494E8E8168CEDAD00E3F866 /* navBar_button_press@2x.png */; };
		7494E8F2168CFA2B00E3F866 /* navBar_menu_icon@2x.png in Resources */ = {isa = PBXBuildFile; fileRef = 7494E8F1168CFA2B00E3F866 /* navBar_menu_icon@2x.png */; };
		7494E981168E3C3700E3F866 /* menuCell_background@2x.png in Resources */ = {isa = PBXBuildFile; fileRef = 7494E980168E3C3700E3F866 /* menuCell_background@2x.png */; };
		7494E985168E405F00E3F866 /* ModalViewController.m in Sources */ = {isa = PBXBuildFile; fileRef = 7494E984168E405F00E3F866 /* ModalViewController.m */; };
		7494E9A2168E486900E3F866 /* MapViewController.m in Sources */ = {isa = PBXBuildFile; fileRef = 7494E9A0168E486900E3F866 /* MapViewController.m */; };
		7494E9A3168E486900E3F866 /* MapViewController.xib in Resources */ = {isa = PBXBuildFile; fileRef = 7494E9A1168E486900E3F866 /* MapViewController.xib */; };
		7494E9A5168E536200E3F866 /* QuartzCore.framework in Frameworks */ = {isa = PBXBuildFile; fileRef = 7494E9A4168E536200E3F866 /* QuartzCore.framework */; };
		74BEE70F169DFF3F00B17A37 /* LocationService.m in Sources */ = {isa = PBXBuildFile; fileRef = 74BEE70E169DFF3F00B17A37 /* LocationService.m */; };
		74BEE710169DFF3F00B17A37 /* LocationService.m in Sources */ = {isa = PBXBuildFile; fileRef = 74BEE70E169DFF3F00B17A37 /* LocationService.m */; };
		74BEE7BE169F575700B17A37 /* MapView.m in Sources */ = {isa = PBXBuildFile; fileRef = 74BEE7BD169F575700B17A37 /* MapView.m */; };
		74BEE7C3169F578F00B17A37 /* IGNTilesSource.m in Sources */ = {isa = PBXBuildFile; fileRef = 74BEE7C2169F578F00B17A37 /* IGNTilesSource.m */; };
		74BEE7CB169F5A2000B17A37 /* TilesSource.m in Sources */ = {isa = PBXBuildFile; fileRef = 74BEE7CA169F5A2000B17A37 /* TilesSource.m */; };
		74BEE7CE169F5AAC00B17A37 /* TilesSourceCapabilities.m in Sources */ = {isa = PBXBuildFile; fileRef = 74BEE7CD169F5AAB00B17A37 /* TilesSourceCapabilities.m */; };
		74BEE7CF169F749000B17A37 /* TilesSource.m in Sources */ = {isa = PBXBuildFile; fileRef = 74BEE7CA169F5A2000B17A37 /* TilesSource.m */; };
		74BEE7D0169F749000B17A37 /* TilesSourceCapabilities.m in Sources */ = {isa = PBXBuildFile; fileRef = 74BEE7CD169F5AAB00B17A37 /* TilesSourceCapabilities.m */; };
		74BEE7D1169F749000B17A37 /* IGNTilesSource.m in Sources */ = {isa = PBXBuildFile; fileRef = 74BEE7C2169F578F00B17A37 /* IGNTilesSource.m */; };
		74E8D56F16A0A28500525A1E /* TiledView.m in Sources */ = {isa = PBXBuildFile; fileRef = 74E8D56E16A0A28500525A1E /* TiledView.m */; };
		74E8D57216A0A5EC00525A1E /* TiledLayer.m in Sources */ = {isa = PBXBuildFile; fileRef = 74E8D57116A0A5EB00525A1E /* TiledLayer.m */; };
		74EF8087169CBA1A001538A3 /* ProjectionTests.m in Sources */ = {isa = PBXBuildFile; fileRef = 74EF8086169CBA1A001538A3 /* ProjectionTests.m */; };
		74EF8089169CC0F7001538A3 /* CoreLocation.framework in Frameworks */ = {isa = PBXBuildFile; fileRef = 7494E8BF168CDA8200E3F866 /* CoreLocation.framework */; };
		74F92EA116AC8E0E00E1C6C5 /* Default-568h@2x.png in Resources */ = {isa = PBXBuildFile; fileRef = 74F92EA016AC8E0E00E1C6C5 /* Default-568h@2x.png */; };
		74F92EA516AC8E1F00E1C6C5 /* icon@2x.png in Resources */ = {isa = PBXBuildFile; fileRef = 74F92EA416AC8E1F00E1C6C5 /* icon@2x.png */; };
		74F92EA716AC8E3E00E1C6C5 /* icon@2x.png in Resources */ = {isa = PBXBuildFile; fileRef = 74F92EA616AC8E3E00E1C6C5 /* icon@2x.png */; };
		74F92EC516AC916100E1C6C5 /* UIImage+Additions_568.m in Sources */ = {isa = PBXBuildFile; fileRef = 74F92EC416AC916100E1C6C5 /* UIImage+Additions_568.m */; };
		79E6DA721FBD413DB29B88C9 /* libPods.a in Frameworks */ = {isa = PBXBuildFile; fileRef = 45F9EE66B3D64641A7ACFA22 /* libPods.a */; };
/* End PBXBuildFile section */

/* Begin PBXContainerItemProxy section */
		741C1E6B168CB20400FAB66C /* PBXContainerItemProxy */ = {
			isa = PBXContainerItemProxy;
			containerPortal = 741C1E33168CB20400FAB66C /* Project object */;
			proxyType = 1;
			remoteGlobalIDString = 741C1E3B168CB20400FAB66C;
			remoteInfo = "MyWays-iOS";
		};
/* End PBXContainerItemProxy section */

/* Begin PBXFileReference section */
		45F9EE66B3D64641A7ACFA22 /* libPods.a */ = {isa = PBXFileReference; explicitFileType = archive.ar; includeInIndex = 0; path = libPods.a; sourceTree = BUILT_PRODUCTS_DIR; };
		741C1E3C168CB20400FAB66C /* MyWays-iOS.app */ = {isa = PBXFileReference; explicitFileType = wrapper.application; includeInIndex = 0; path = "MyWays-iOS.app"; sourceTree = BUILT_PRODUCTS_DIR; };
		741C1E40168CB20400FAB66C /* UIKit.framework */ = {isa = PBXFileReference; lastKnownFileType = wrapper.framework; name = UIKit.framework; path = System/Library/Frameworks/UIKit.framework; sourceTree = SDKROOT; };
		741C1E42168CB20400FAB66C /* Foundation.framework */ = {isa = PBXFileReference; lastKnownFileType = wrapper.framework; name = Foundation.framework; path = System/Library/Frameworks/Foundation.framework; sourceTree = SDKROOT; };
		741C1E44168CB20400FAB66C /* CoreGraphics.framework */ = {isa = PBXFileReference; lastKnownFileType = wrapper.framework; name = CoreGraphics.framework; path = System/Library/Frameworks/CoreGraphics.framework; sourceTree = SDKROOT; };
		741C1E48168CB20400FAB66C /* MyWays-iOS-Info.plist */ = {isa = PBXFileReference; lastKnownFileType = text.plist.xml; path = "MyWays-iOS-Info.plist"; sourceTree = "<group>"; };
		741C1E4A168CB20400FAB66C /* en */ = {isa = PBXFileReference; lastKnownFileType = text.plist.strings; name = en; path = en.lproj/InfoPlist.strings; sourceTree = "<group>"; };
		741C1E4C168CB20400FAB66C /* main.m */ = {isa = PBXFileReference; lastKnownFileType = sourcecode.c.objc; path = main.m; sourceTree = "<group>"; };
		741C1E4E168CB20400FAB66C /* MyWays-iOS-Prefix.pch */ = {isa = PBXFileReference; lastKnownFileType = sourcecode.c.h; path = "MyWays-iOS-Prefix.pch"; sourceTree = "<group>"; };
		741C1E4F168CB20400FAB66C /* AppDelegate.h */ = {isa = PBXFileReference; lastKnownFileType = sourcecode.c.h; path = AppDelegate.h; sourceTree = "<group>"; };
		741C1E50168CB20400FAB66C /* AppDelegate.m */ = {isa = PBXFileReference; lastKnownFileType = sourcecode.c.objc; path = AppDelegate.m; sourceTree = "<group>"; };
		741C1E52168CB20400FAB66C /* Default.png */ = {isa = PBXFileReference; lastKnownFileType = image.png; path = Default.png; sourceTree = "<group>"; };
		741C1E54168CB20400FAB66C /* Default@2x.png */ = {isa = PBXFileReference; lastKnownFileType = image.png; path = "Default@2x.png"; sourceTree = "<group>"; };
		741C1E58168CB20400FAB66C /* MainViewController.h */ = {isa = PBXFileReference; lastKnownFileType = sourcecode.c.h; path = MainViewController.h; sourceTree = "<group>"; };
		741C1E59168CB20400FAB66C /* MainViewController.m */ = {isa = PBXFileReference; lastKnownFileType = sourcecode.c.objc; path = MainViewController.m; sourceTree = "<group>"; };
		741C1E5C168CB20400FAB66C /* en */ = {isa = PBXFileReference; lastKnownFileType = file.xib; name = en; path = en.lproj/MainViewController_iPhone.xib; sourceTree = "<group>"; };
		741C1E5F168CB20400FAB66C /* en */ = {isa = PBXFileReference; lastKnownFileType = file.xib; name = en; path = en.lproj/MainViewController_iPad.xib; sourceTree = "<group>"; };
		741C1E66168CB20400FAB66C /* MyWays-iOSTests.octest */ = {isa = PBXFileReference; explicitFileType = wrapper.cfbundle; includeInIndex = 0; path = "MyWays-iOSTests.octest"; sourceTree = BUILT_PRODUCTS_DIR; };
		741C1E67168CB20400FAB66C /* SenTestingKit.framework */ = {isa = PBXFileReference; lastKnownFileType = wrapper.framework; name = SenTestingKit.framework; path = Library/Frameworks/SenTestingKit.framework; sourceTree = DEVELOPER_DIR; };
		741C1E6F168CB20400FAB66C /* MyWays-iOSTests-Info.plist */ = {isa = PBXFileReference; lastKnownFileType = text.plist.xml; path = "MyWays-iOSTests-Info.plist"; sourceTree = "<group>"; };
		741C1E71168CB20400FAB66C /* en */ = {isa = PBXFileReference; lastKnownFileType = text.plist.strings; name = en; path = en.lproj/InfoPlist.strings; sourceTree = "<group>"; };
		741C1E73168CB20400FAB66C /* MyWays_iOSTests.h */ = {isa = PBXFileReference; lastKnownFileType = sourcecode.c.h; path = MyWays_iOSTests.h; sourceTree = "<group>"; };
		741C1E74168CB20400FAB66C /* MyWays_iOSTests.m */ = {isa = PBXFileReference; lastKnownFileType = sourcecode.c.objc; path = MyWays_iOSTests.m; sourceTree = "<group>"; };
		745EE8DB169F794800FE60E9 /* IGNTilesSourceCapabilities.h */ = {isa = PBXFileReference; fileEncoding = 4; lastKnownFileType = sourcecode.c.h; path = IGNTilesSourceCapabilities.h; sourceTree = "<group>"; };
		745EE8DC169F794800FE60E9 /* IGNTilesSourceCapabilities.m */ = {isa = PBXFileReference; fileEncoding = 4; lastKnownFileType = sourcecode.c.objc; path = IGNTilesSourceCapabilities.m; sourceTree = "<group>"; };
		74853BF216B1D1C30005E3C5 /* WayListViewController.h */ = {isa = PBXFileReference; fileEncoding = 4; lastKnownFileType = sourcecode.c.h; path = WayListViewController.h; sourceTree = "<group>"; };
		74853BF316B1D1C30005E3C5 /* WayListViewController.m */ = {isa = PBXFileReference; fileEncoding = 4; lastKnownFileType = sourcecode.c.objc; path = WayListViewController.m; sourceTree = "<group>"; };
		74853BF416B1D1C30005E3C5 /* WayListViewController.xib */ = {isa = PBXFileReference; fileEncoding = 4; lastKnownFileType = file.xib; path = WayListViewController.xib; sourceTree = "<group>"; };
		7494E8BF168CDA8200E3F866 /* CoreLocation.framework */ = {isa = PBXFileReference; lastKnownFileType = wrapper.framework; name = CoreLocation.framework; path = System/Library/Frameworks/CoreLocation.framework; sourceTree = SDKROOT; };
		7494E8CD168CE1F000E3F866 /* Utils.h */ = {isa = PBXFileReference; fileEncoding = 4; lastKnownFileType = sourcecode.c.h; path = Utils.h; sourceTree = "<group>"; };
		7494E8CE168CE1F000E3F866 /* Utils.m */ = {isa = PBXFileReference; fileEncoding = 4; lastKnownFileType = sourcecode.c.objc; path = Utils.m; sourceTree = "<group>"; };
		7494E8D6168CEACB00E3F866 /* MenuViewController.h */ = {isa = PBXFileReference; fileEncoding = 4; lastKnownFileType = sourcecode.c.h; path = MenuViewController.h; sourceTree = "<group>"; };
		7494E8D7168CEACB00E3F866 /* MenuViewController.m */ = {isa = PBXFileReference; fileEncoding = 4; lastKnownFileType = sourcecode.c.objc; path = MenuViewController.m; sourceTree = "<group>"; };
		7494E8D8168CEACB00E3F866 /* MenuViewController.xib */ = {isa = PBXFileReference; fileEncoding = 4; lastKnownFileType = file.xib; path = MenuViewController.xib; sourceTree = "<group>"; };
		7494E8DF168CED3500E3F866 /* navBar_background_dark@2x.png */ = {isa = PBXFileReference; lastKnownFileType = image.png; name = "navBar_background_dark@2x.png"; path = "Resources/navBar_background_dark@2x.png"; sourceTree = "<group>"; };
		7494E8E0168CED3500E3F866 /* navBar_background_light@2x.png */ = {isa = PBXFileReference; lastKnownFileType = image.png; name = "navBar_background_light@2x.png"; path = "Resources/navBar_background_light@2x.png"; sourceTree = "<group>"; };
		7494E8E7168CEDAD00E3F866 /* navBar_button_active@2x.png */ = {isa = PBXFileReference; lastKnownFileType = image.png; name = "navBar_button_active@2x.png"; path = "Resources/navBar_button_active@2x.png"; sourceTree = "<group>"; };
		7494E8E8168CEDAD00E3F866 /* navBar_button_press@2x.png */ = {isa = PBXFileReference; lastKnownFileType = image.png; name = "navBar_button_press@2x.png"; path = "Resources/navBar_button_press@2x.png"; sourceTree = "<group>"; };
		7494E8F1168CFA2B00E3F866 /* navBar_menu_icon@2x.png */ = {isa = PBXFileReference; lastKnownFileType = image.png; name = "navBar_menu_icon@2x.png"; path = "Resources/navBar_menu_icon@2x.png"; sourceTree = "<group>"; };
		7494E980168E3C3700E3F866 /* menuCell_background@2x.png */ = {isa = PBXFileReference; lastKnownFileType = image.png; name = "menuCell_background@2x.png"; path = "Resources/menuCell_background@2x.png"; sourceTree = "<group>"; };
		7494E983168E405F00E3F866 /* ModalViewController.h */ = {isa = PBXFileReference; fileEncoding = 4; lastKnownFileType = sourcecode.c.h; path = ModalViewController.h; sourceTree = "<group>"; };
		7494E984168E405F00E3F866 /* ModalViewController.m */ = {isa = PBXFileReference; fileEncoding = 4; lastKnownFileType = sourcecode.c.objc; path = ModalViewController.m; sourceTree = "<group>"; };
		7494E99F168E486900E3F866 /* MapViewController.h */ = {isa = PBXFileReference; fileEncoding = 4; lastKnownFileType = sourcecode.c.h; path = MapViewController.h; sourceTree = "<group>"; };
		7494E9A0168E486900E3F866 /* MapViewController.m */ = {isa = PBXFileReference; fileEncoding = 4; lastKnownFileType = sourcecode.c.objc; path = MapViewController.m; sourceTree = "<group>"; };
		7494E9A1168E486900E3F866 /* MapViewController.xib */ = {isa = PBXFileReference; fileEncoding = 4; lastKnownFileType = file.xib; path = MapViewController.xib; sourceTree = "<group>"; };
		7494E9A4168E536200E3F866 /* QuartzCore.framework */ = {isa = PBXFileReference; lastKnownFileType = wrapper.framework; name = QuartzCore.framework; path = System/Library/Frameworks/QuartzCore.framework; sourceTree = SDKROOT; };
		74BEE70D169DFF3F00B17A37 /* LocationService.h */ = {isa = PBXFileReference; fileEncoding = 4; lastKnownFileType = sourcecode.c.h; path = LocationService.h; sourceTree = "<group>"; };
		74BEE70E169DFF3F00B17A37 /* LocationService.m */ = {isa = PBXFileReference; fileEncoding = 4; lastKnownFileType = sourcecode.c.objc; path = LocationService.m; sourceTree = "<group>"; };
		74BEE7BC169F575700B17A37 /* MapView.h */ = {isa = PBXFileReference; fileEncoding = 4; lastKnownFileType = sourcecode.c.h; path = MapView.h; sourceTree = "<group>"; };
		74BEE7BD169F575700B17A37 /* MapView.m */ = {isa = PBXFileReference; fileEncoding = 4; lastKnownFileType = sourcecode.c.objc; path = MapView.m; sourceTree = "<group>"; };
		74BEE7C1169F578F00B17A37 /* IGNTilesSource.h */ = {isa = PBXFileReference; fileEncoding = 4; lastKnownFileType = sourcecode.c.h; path = IGNTilesSource.h; sourceTree = "<group>"; };
		74BEE7C2169F578F00B17A37 /* IGNTilesSource.m */ = {isa = PBXFileReference; fileEncoding = 4; lastKnownFileType = sourcecode.c.objc; path = IGNTilesSource.m; sourceTree = "<group>"; };
		74BEE7C9169F5A1F00B17A37 /* TilesSource.h */ = {isa = PBXFileReference; fileEncoding = 4; lastKnownFileType = sourcecode.c.h; path = TilesSource.h; sourceTree = "<group>"; };
		74BEE7CA169F5A2000B17A37 /* TilesSource.m */ = {isa = PBXFileReference; fileEncoding = 4; lastKnownFileType = sourcecode.c.objc; path = TilesSource.m; sourceTree = "<group>"; };
		74BEE7CC169F5AAB00B17A37 /* TilesSourceCapabilities.h */ = {isa = PBXFileReference; fileEncoding = 4; lastKnownFileType = sourcecode.c.h; path = TilesSourceCapabilities.h; sourceTree = "<group>"; };
		74BEE7CD169F5AAB00B17A37 /* TilesSourceCapabilities.m */ = {isa = PBXFileReference; fileEncoding = 4; lastKnownFileType = sourcecode.c.objc; path = TilesSourceCapabilities.m; sourceTree = "<group>"; };
		74E8D56D16A0A28500525A1E /* TiledView.h */ = {isa = PBXFileReference; fileEncoding = 4; lastKnownFileType = sourcecode.c.h; path = TiledView.h; sourceTree = "<group>"; };
		74E8D56E16A0A28500525A1E /* TiledView.m */ = {isa = PBXFileReference; fileEncoding = 4; lastKnownFileType = sourcecode.c.objc; path = TiledView.m; sourceTree = "<group>"; };
		74E8D57016A0A5EB00525A1E /* TiledLayer.h */ = {isa = PBXFileReference; fileEncoding = 4; lastKnownFileType = sourcecode.c.h; path = TiledLayer.h; sourceTree = "<group>"; };
		74E8D57116A0A5EB00525A1E /* TiledLayer.m */ = {isa = PBXFileReference; fileEncoding = 4; lastKnownFileType = sourcecode.c.objc; path = TiledLayer.m; sourceTree = "<group>"; };
		74EF8085169CBA1A001538A3 /* ProjectionTests.h */ = {isa = PBXFileReference; fileEncoding = 4; lastKnownFileType = sourcecode.c.h; path = ProjectionTests.h; sourceTree = "<group>"; };
		74EF8086169CBA1A001538A3 /* ProjectionTests.m */ = {isa = PBXFileReference; fileEncoding = 4; lastKnownFileType = sourcecode.c.objc; path = ProjectionTests.m; sourceTree = "<group>"; };
		74F92EA016AC8E0E00E1C6C5 /* Default-568h@2x.png */ = {isa = PBXFileReference; lastKnownFileType = image.png; name = "Default-568h@2x.png"; path = "Resources/Default-568h@2x.png"; sourceTree = "<group>"; };
		74F92EA416AC8E1F00E1C6C5 /* icon@2x.png */ = {isa = PBXFileReference; lastKnownFileType = image.png; name = "icon@2x.png"; path = "Resources/icon@2x.png"; sourceTree = "<group>"; };
		74F92EA616AC8E3E00E1C6C5 /* icon@2x.png */ = {isa = PBXFileReference; lastKnownFileType = image.png; path = "icon@2x.png"; sourceTree = "<group>"; };
		74F92EC316AC916100E1C6C5 /* UIImage+Additions_568.h */ = {isa = PBXFileReference; fileEncoding = 4; lastKnownFileType = sourcecode.c.h; path = "UIImage+Additions_568.h"; sourceTree = "<group>"; };
		74F92EC416AC916100E1C6C5 /* UIImage+Additions_568.m */ = {isa = PBXFileReference; fileEncoding = 4; lastKnownFileType = sourcecode.c.objc; path = "UIImage+Additions_568.m"; sourceTree = "<group>"; };
		ABD67DB727B140809D1F826D /* Pods.xcconfig */ = {isa = PBXFileReference; includeInIndex = 1; lastKnownFileType = text.xcconfig; name = Pods.xcconfig; path = Pods/Pods.xcconfig; sourceTree = SOURCE_ROOT; };
/* End PBXFileReference section */

/* Begin PBXFrameworksBuildPhase section */
		741C1E39168CB20400FAB66C /* Frameworks */ = {
			isa = PBXFrameworksBuildPhase;
			buildActionMask = 2147483647;
			files = (
				7494E9A5168E536200E3F866 /* QuartzCore.framework in Frameworks */,
				741C1E41168CB20400FAB66C /* UIKit.framework in Frameworks */,
				741C1E43168CB20400FAB66C /* Foundation.framework in Frameworks */,
				741C1E45168CB20400FAB66C /* CoreGraphics.framework in Frameworks */,
				7494E8C0168CDA8200E3F866 /* CoreLocation.framework in Frameworks */,
				79E6DA721FBD413DB29B88C9 /* libPods.a in Frameworks */,
			);
			runOnlyForDeploymentPostprocessing = 0;
		};
		741C1E62168CB20400FAB66C /* Frameworks */ = {
			isa = PBXFrameworksBuildPhase;
			buildActionMask = 2147483647;
			files = (
				74EF8089169CC0F7001538A3 /* CoreLocation.framework in Frameworks */,
				741C1E68168CB20400FAB66C /* SenTestingKit.framework in Frameworks */,
				741C1E69168CB20400FAB66C /* UIKit.framework in Frameworks */,
				741C1E6A168CB20400FAB66C /* Foundation.framework in Frameworks */,
			);
			runOnlyForDeploymentPostprocessing = 0;
		};
/* End PBXFrameworksBuildPhase section */

/* Begin PBXGroup section */
		741C1E31168CB20400FAB66C = {
			isa = PBXGroup;
			children = (
				74F92EA616AC8E3E00E1C6C5 /* icon@2x.png */,
				7494E9A4168E536200E3F866 /* QuartzCore.framework */,
				741C1E46168CB20400FAB66C /* MyWays-iOS */,
				741C1E6D168CB20400FAB66C /* MyWays-iOSTests */,
				741C1E3F168CB20400FAB66C /* Frameworks */,
				741C1E3D168CB20400FAB66C /* Products */,
				ABD67DB727B140809D1F826D /* Pods.xcconfig */,
			);
			sourceTree = "<group>";
		};
		741C1E3D168CB20400FAB66C /* Products */ = {
			isa = PBXGroup;
			children = (
				741C1E3C168CB20400FAB66C /* MyWays-iOS.app */,
				741C1E66168CB20400FAB66C /* MyWays-iOSTests.octest */,
			);
			name = Products;
			sourceTree = "<group>";
		};
		741C1E3F168CB20400FAB66C /* Frameworks */ = {
			isa = PBXGroup;
			children = (
				7494E8BF168CDA8200E3F866 /* CoreLocation.framework */,
				741C1E40168CB20400FAB66C /* UIKit.framework */,
				741C1E42168CB20400FAB66C /* Foundation.framework */,
				741C1E44168CB20400FAB66C /* CoreGraphics.framework */,
				741C1E67168CB20400FAB66C /* SenTestingKit.framework */,
				45F9EE66B3D64641A7ACFA22 /* libPods.a */,
			);
			name = Frameworks;
			sourceTree = "<group>";
		};
		741C1E46168CB20400FAB66C /* MyWays-iOS */ = {
			isa = PBXGroup;
			children = (
				74DAF39816E7DCB700DA5F1E /* Main */,
				74853BF116B1D1700005E3C5 /* WayList */,
				7494E99E168E484900E3F866 /* Map */,
				74853BE216B1CD560005E3C5 /* External */,
				74BEE70B169DFF2600B17A37 /* Services */,
				7494E982168E403500E3F866 /* Modal */,
				7494E8D5168CEA9400E3F866 /* Menu */,
				7494E8CC168CE1D600E3F866 /* Utils */,
				7494E8C2168CDF9200E3F866 /* Resources */,
				741C1E5E168CB20400FAB66C /* MainViewController_iPad.xib */,
				741C1E47168CB20400FAB66C /* Supporting Files */,
			);
			path = "MyWays-iOS";
			sourceTree = "<group>";
		};
		741C1E47168CB20400FAB66C /* Supporting Files */ = {
			isa = PBXGroup;
			children = (
				74F92EA016AC8E0E00E1C6C5 /* Default-568h@2x.png */,
				741C1E48168CB20400FAB66C /* MyWays-iOS-Info.plist */,
				741C1E49168CB20400FAB66C /* InfoPlist.strings */,
				741C1E4C168CB20400FAB66C /* main.m */,
				741C1E4E168CB20400FAB66C /* MyWays-iOS-Prefix.pch */,
				741C1E52168CB20400FAB66C /* Default.png */,
				741C1E54168CB20400FAB66C /* Default@2x.png */,
			);
			name = "Supporting Files";
			sourceTree = "<group>";
		};
		741C1E6D168CB20400FAB66C /* MyWays-iOSTests */ = {
			isa = PBXGroup;
			children = (
				74EF8085169CBA1A001538A3 /* ProjectionTests.h */,
				74EF8086169CBA1A001538A3 /* ProjectionTests.m */,
				741C1E73168CB20400FAB66C /* MyWays_iOSTests.h */,
				741C1E74168CB20400FAB66C /* MyWays_iOSTests.m */,
				741C1E6E168CB20400FAB66C /* Supporting Files */,
			);
			path = "MyWays-iOSTests";
			sourceTree = "<group>";
		};
		741C1E6E168CB20400FAB66C /* Supporting Files */ = {
			isa = PBXGroup;
			children = (
				741C1E6F168CB20400FAB66C /* MyWays-iOSTests-Info.plist */,
				741C1E70168CB20400FAB66C /* InfoPlist.strings */,
			);
			name = "Supporting Files";
			sourceTree = "<group>";
		};
		74853BE216B1CD560005E3C5 /* External */ = {
			isa = PBXGroup;
			children = (
			);
			name = External;
			sourceTree = "<group>";
		};
		74853BF116B1D1700005E3C5 /* WayList */ = {
			isa = PBXGroup;
			children = (
				74853BF216B1D1C30005E3C5 /* WayListViewController.h */,
				74853BF316B1D1C30005E3C5 /* WayListViewController.m */,
				74853BF416B1D1C30005E3C5 /* WayListViewController.xib */,
			);
			name = WayList;
			sourceTree = "<group>";
		};
		7494E8C2168CDF9200E3F866 /* Resources */ = {
			isa = PBXGroup;
			children = (
				74F92EA316AC8E1200E1C6C5 /* Icon */,
				7494E97F168E3C2700E3F866 /* Generic */,
				7494E97E168E3C1E00E3F866 /* MenuView */,
			);
			name = Resources;
			sourceTree = "<group>";
		};
		7494E8CC168CE1D600E3F866 /* Utils */ = {
			isa = PBXGroup;
			children = (
				74F92EC316AC916100E1C6C5 /* UIImage+Additions_568.h */,
				74F92EC416AC916100E1C6C5 /* UIImage+Additions_568.m */,
				7494E8CD168CE1F000E3F866 /* Utils.h */,
				7494E8CE168CE1F000E3F866 /* Utils.m */,
			);
			name = Utils;
			sourceTree = "<group>";
		};
		7494E8D4168CE9C900E3F866 /* NavigationBar */ = {
			isa = PBXGroup;
			children = (
				7494E8F1168CFA2B00E3F866 /* navBar_menu_icon@2x.png */,
				7494E8E7168CEDAD00E3F866 /* navBar_button_active@2x.png */,
				7494E8E8168CEDAD00E3F866 /* navBar_button_press@2x.png */,
				7494E8DF168CED3500E3F866 /* navBar_background_dark@2x.png */,
				7494E8E0168CED3500E3F866 /* navBar_background_light@2x.png */,
			);
			name = NavigationBar;
			sourceTree = "<group>";
		};
		7494E8D5168CEA9400E3F866 /* Menu */ = {
			isa = PBXGroup;
			children = (
				7494E8D6168CEACB00E3F866 /* MenuViewController.h */,
				7494E8D7168CEACB00E3F866 /* MenuViewController.m */,
				7494E8D8168CEACB00E3F866 /* MenuViewController.xib */,
			);
			name = Menu;
			sourceTree = "<group>";
		};
		7494E97E168E3C1E00E3F866 /* MenuView */ = {
			isa = PBXGroup;
			children = (
				7494E980168E3C3700E3F866 /* menuCell_background@2x.png */,
			);
			name = MenuView;
			sourceTree = "<group>";
		};
		7494E97F168E3C2700E3F866 /* Generic */ = {
			isa = PBXGroup;
			children = (
				7494E8D4168CE9C900E3F866 /* NavigationBar */,
			);
			name = Generic;
			sourceTree = "<group>";
		};
		7494E982168E403500E3F866 /* Modal */ = {
			isa = PBXGroup;
			children = (
				7494E983168E405F00E3F866 /* ModalViewController.h */,
				7494E984168E405F00E3F866 /* ModalViewController.m */,
			);
			name = Modal;
			sourceTree = "<group>";
		};
		7494E99E168E484900E3F866 /* Map */ = {
			isa = PBXGroup;
			children = (
				7494E99F168E486900E3F866 /* MapViewController.h */,
				7494E9A0168E486900E3F866 /* MapViewController.m */,
				7494E9A1168E486900E3F866 /* MapViewController.xib */,
			);
			name = Map;
			sourceTree = "<group>";
		};
		74BEE70B169DFF2600B17A37 /* Services */ = {
			isa = PBXGroup;
			children = (
				74BEE7BB169F574200B17A37 /* Map */,
				74BEE7B9169F573600B17A37 /* Location */,
			);
			name = Services;
			sourceTree = "<group>";
		};
		74BEE7B9169F573600B17A37 /* Location */ = {
			isa = PBXGroup;
			children = (
				74BEE70D169DFF3F00B17A37 /* LocationService.h */,
				74BEE70E169DFF3F00B17A37 /* LocationService.m */,
			);
			name = Location;
			sourceTree = "<group>";
		};
		74BEE7BB169F574200B17A37 /* Map */ = {
			isa = PBXGroup;
			children = (
				74BEE7BC169F575700B17A37 /* MapView.h */,
				74BEE7BD169F575700B17A37 /* MapView.m */,
				74E8D56D16A0A28500525A1E /* TiledView.h */,
				74E8D56E16A0A28500525A1E /* TiledView.m */,
				74E8D57016A0A5EB00525A1E /* TiledLayer.h */,
				74E8D57116A0A5EB00525A1E /* TiledLayer.m */,
				74BEE7BF169F575D00B17A37 /* TilesSource */,
			);
			name = Map;
			sourceTree = "<group>";
		};
		74BEE7BF169F575D00B17A37 /* TilesSource */ = {
			isa = PBXGroup;
			children = (
				74BEE7C9169F5A1F00B17A37 /* TilesSource.h */,
				74BEE7CA169F5A2000B17A37 /* TilesSource.m */,
				74BEE7CC169F5AAB00B17A37 /* TilesSourceCapabilities.h */,
				74BEE7CD169F5AAB00B17A37 /* TilesSourceCapabilities.m */,
				74BEE7C0169F576F00B17A37 /* IGN */,
			);
			name = TilesSource;
			sourceTree = "<group>";
		};
		74BEE7C0169F576F00B17A37 /* IGN */ = {
			isa = PBXGroup;
			children = (
				74BEE7C1169F578F00B17A37 /* IGNTilesSource.h */,
				74BEE7C2169F578F00B17A37 /* IGNTilesSource.m */,
				745EE8DB169F794800FE60E9 /* IGNTilesSourceCapabilities.h */,
				745EE8DC169F794800FE60E9 /* IGNTilesSourceCapabilities.m */,
			);
			name = IGN;
			sourceTree = "<group>";
		};
		74DAF39816E7DCB700DA5F1E /* Main */ = {
			isa = PBXGroup;
			children = (
				741C1E4F168CB20400FAB66C /* AppDelegate.h */,
				741C1E50168CB20400FAB66C /* AppDelegate.m */,
				741C1E58168CB20400FAB66C /* MainViewController.h */,
				741C1E59168CB20400FAB66C /* MainViewController.m */,
				741C1E5B168CB20400FAB66C /* MainViewController_iPhone.xib */,
			);
			name = Main;
			sourceTree = "<group>";
		};
		74F92EA316AC8E1200E1C6C5 /* Icon */ = {
			isa = PBXGroup;
			children = (
				74F92EA416AC8E1F00E1C6C5 /* icon@2x.png */,
			);
			name = Icon;
			sourceTree = "<group>";
		};
/* End PBXGroup section */

/* Begin PBXNativeTarget section */
		741C1E3B168CB20400FAB66C /* MyWays-iOS */ = {
			isa = PBXNativeTarget;
			buildConfigurationList = 741C1E78168CB20400FAB66C /* Build configuration list for PBXNativeTarget "MyWays-iOS" */;
			buildPhases = (
				741C1E38168CB20400FAB66C /* Sources */,
				741C1E39168CB20400FAB66C /* Frameworks */,
				741C1E3A168CB20400FAB66C /* Resources */,
				C31EC21C6213472F86D44BD6 /* Copy Pods Resources */,
			);
			buildRules = (
			);
			dependencies = (
			);
			name = "MyWays-iOS";
			productName = "MyWays-iOS";
			productReference = 741C1E3C168CB20400FAB66C /* MyWays-iOS.app */;
			productType = "com.apple.product-type.application";
		};
		741C1E65168CB20400FAB66C /* MyWays-iOSTests */ = {
			isa = PBXNativeTarget;
			buildConfigurationList = 741C1E7B168CB20400FAB66C /* Build configuration list for PBXNativeTarget "MyWays-iOSTests" */;
			buildPhases = (
				741C1E61168CB20400FAB66C /* Sources */,
				741C1E62168CB20400FAB66C /* Frameworks */,
				741C1E63168CB20400FAB66C /* Resources */,
				741C1E64168CB20400FAB66C /* ShellScript */,
			);
			buildRules = (
			);
			dependencies = (
				741C1E6C168CB20400FAB66C /* PBXTargetDependency */,
			);
			name = "MyWays-iOSTests";
			productName = "MyWays-iOSTests";
			productReference = 741C1E66168CB20400FAB66C /* MyWays-iOSTests.octest */;
			productType = "com.apple.product-type.bundle";
		};
/* End PBXNativeTarget section */

/* Begin PBXProject section */
		741C1E33168CB20400FAB66C /* Project object */ = {
			isa = PBXProject;
			attributes = {
				LastUpgradeCheck = 0450;
				ORGANIZATIONNAME = "Mathieu Cordebard";
			};
			buildConfigurationList = 741C1E36168CB20400FAB66C /* Build configuration list for PBXProject "MyWays-iOS" */;
			compatibilityVersion = "Xcode 3.2";
			developmentRegion = English;
			hasScannedForEncodings = 0;
			knownRegions = (
				en,
			);
			mainGroup = 741C1E31168CB20400FAB66C;
			productRefGroup = 741C1E3D168CB20400FAB66C /* Products */;
			projectDirPath = "";
			projectRoot = "";
			targets = (
				741C1E3B168CB20400FAB66C /* MyWays-iOS */,
				741C1E65168CB20400FAB66C /* MyWays-iOSTests */,
			);
		};
/* End PBXProject section */

/* Begin PBXResourcesBuildPhase section */
		741C1E3A168CB20400FAB66C /* Resources */ = {
			isa = PBXResourcesBuildPhase;
			buildActionMask = 2147483647;
			files = (
				741C1E4B168CB20400FAB66C /* InfoPlist.strings in Resources */,
				741C1E53168CB20400FAB66C /* Default.png in Resources */,
				741C1E55168CB20400FAB66C /* Default@2x.png in Resources */,
				741C1E5D168CB20400FAB66C /* MainViewController_iPhone.xib in Resources */,
				741C1E60168CB20400FAB66C /* MainViewController_iPad.xib in Resources */,
				7494E8DA168CEACB00E3F866 /* MenuViewController.xib in Resources */,
				7494E8E3168CED3500E3F866 /* navBar_background_dark@2x.png in Resources */,
				7494E8E4168CED3500E3F866 /* navBar_background_light@2x.png in Resources */,
				7494E8E9168CEDAD00E3F866 /* navBar_button_active@2x.png in Resources */,
				7494E8EA168CEDAD00E3F866 /* navBar_button_press@2x.png in Resources */,
				7494E8F2168CFA2B00E3F866 /* navBar_menu_icon@2x.png in Resources */,
				7494E981168E3C3700E3F866 /* menuCell_background@2x.png in Resources */,
				7494E9A3168E486900E3F866 /* MapViewController.xib in Resources */,
				74F92EA116AC8E0E00E1C6C5 /* Default-568h@2x.png in Resources */,
				74F92EA516AC8E1F00E1C6C5 /* icon@2x.png in Resources */,
				74F92EA716AC8E3E00E1C6C5 /* icon@2x.png in Resources */,
				74853BF716B1D1C30005E3C5 /* WayListViewController.xib in Resources */,
			);
			runOnlyForDeploymentPostprocessing = 0;
		};
		741C1E63168CB20400FAB66C /* Resources */ = {
			isa = PBXResourcesBuildPhase;
			buildActionMask = 2147483647;
			files = (
				741C1E72168CB20400FAB66C /* InfoPlist.strings in Resources */,
				74853BF816B1D1C30005E3C5 /* WayListViewController.xib in Resources */,
			);
			runOnlyForDeploymentPostprocessing = 0;
		};
/* End PBXResourcesBuildPhase section */

/* Begin PBXShellScriptBuildPhase section */
		741C1E64168CB20400FAB66C /* ShellScript */ = {
			isa = PBXShellScriptBuildPhase;
			buildActionMask = 2147483647;
			files = (
			);
			inputPaths = (
			);
			outputPaths = (
			);
			runOnlyForDeploymentPostprocessing = 0;
			shellPath = /bin/sh;
			shellScript = "# Run the unit tests in this test bundle.\n\"${SYSTEM_DEVELOPER_DIR}/Tools/RunUnitTests\"\n";
		};
		C31EC21C6213472F86D44BD6 /* Copy Pods Resources */ = {
			isa = PBXShellScriptBuildPhase;
			buildActionMask = 2147483647;
			files = (
			);
			inputPaths = (
			);
			name = "Copy Pods Resources";
			outputPaths = (
			);
			runOnlyForDeploymentPostprocessing = 0;
			shellPath = /bin/sh;
			shellScript = "\"${SRCROOT}/Pods/Pods-resources.sh\"\n";
		};
/* End PBXShellScriptBuildPhase section */

/* Begin PBXSourcesBuildPhase section */
		741C1E38168CB20400FAB66C /* Sources */ = {
			isa = PBXSourcesBuildPhase;
			buildActionMask = 2147483647;
			files = (
				741C1E4D168CB20400FAB66C /* main.m in Sources */,
				741C1E51168CB20400FAB66C /* AppDelegate.m in Sources */,
				741C1E5A168CB20400FAB66C /* MainViewController.m in Sources */,
				7494E8CF168CE1F000E3F866 /* Utils.m in Sources */,
				7494E8D9168CEACB00E3F866 /* MenuViewController.m in Sources */,
				7494E985168E405F00E3F866 /* ModalViewController.m in Sources */,
				7494E9A2168E486900E3F866 /* MapViewController.m in Sources */,
				74BEE70F169DFF3F00B17A37 /* LocationService.m in Sources */,
				74BEE7BE169F575700B17A37 /* MapView.m in Sources */,
				74BEE7C3169F578F00B17A37 /* IGNTilesSource.m in Sources */,
				74BEE7CB169F5A2000B17A37 /* TilesSource.m in Sources */,
				74BEE7CE169F5AAC00B17A37 /* TilesSourceCapabilities.m in Sources */,
				745EE8DD169F794800FE60E9 /* IGNTilesSourceCapabilities.m in Sources */,
				74E8D56F16A0A28500525A1E /* TiledView.m in Sources */,
				74E8D57216A0A5EC00525A1E /* TiledLayer.m in Sources */,
				74F92EC516AC916100E1C6C5 /* UIImage+Additions_568.m in Sources */,
				74853BF516B1D1C30005E3C5 /* WayListViewController.m in Sources */,
			);
			runOnlyForDeploymentPostprocessing = 0;
		};
		741C1E61168CB20400FAB66C /* Sources */ = {
			isa = PBXSourcesBuildPhase;
			buildActionMask = 2147483647;
			files = (
				74BEE7CF169F749000B17A37 /* TilesSource.m in Sources */,
				74BEE7D0169F749000B17A37 /* TilesSourceCapabilities.m in Sources */,
				74BEE7D1169F749000B17A37 /* IGNTilesSource.m in Sources */,
				741C1E75168CB20400FAB66C /* MyWays_iOSTests.m in Sources */,
				74EF8087169CBA1A001538A3 /* ProjectionTests.m in Sources */,
				74BEE710169DFF3F00B17A37 /* LocationService.m in Sources */,
				74853BF616B1D1C30005E3C5 /* WayListViewController.m in Sources */,
			);
			runOnlyForDeploymentPostprocessing = 0;
		};
/* End PBXSourcesBuildPhase section */

/* Begin PBXTargetDependency section */
		741C1E6C168CB20400FAB66C /* PBXTargetDependency */ = {
			isa = PBXTargetDependency;
			target = 741C1E3B168CB20400FAB66C /* MyWays-iOS */;
			targetProxy = 741C1E6B168CB20400FAB66C /* PBXContainerItemProxy */;
		};
/* End PBXTargetDependency section */

/* Begin PBXVariantGroup section */
		741C1E49168CB20400FAB66C /* InfoPlist.strings */ = {
			isa = PBXVariantGroup;
			children = (
				741C1E4A168CB20400FAB66C /* en */,
			);
			name = InfoPlist.strings;
			sourceTree = "<group>";
		};
		741C1E5B168CB20400FAB66C /* MainViewController_iPhone.xib */ = {
			isa = PBXVariantGroup;
			children = (
				741C1E5C168CB20400FAB66C /* en */,
			);
			name = MainViewController_iPhone.xib;
			sourceTree = "<group>";
		};
		741C1E5E168CB20400FAB66C /* MainViewController_iPad.xib */ = {
			isa = PBXVariantGroup;
			children = (
				741C1E5F168CB20400FAB66C /* en */,
			);
			name = MainViewController_iPad.xib;
			sourceTree = "<group>";
		};
		741C1E70168CB20400FAB66C /* InfoPlist.strings */ = {
			isa = PBXVariantGroup;
			children = (
				741C1E71168CB20400FAB66C /* en */,
			);
			name = InfoPlist.strings;
			sourceTree = "<group>";
		};
/* End PBXVariantGroup section */

/* Begin XCBuildConfiguration section */
		741C1E76168CB20400FAB66C /* Debug */ = {
			isa = XCBuildConfiguration;
			buildSettings = {
				ALWAYS_SEARCH_USER_PATHS = NO;
				CLANG_CXX_LANGUAGE_STANDARD = "gnu++0x";
				CLANG_CXX_LIBRARY = "libc++";
				CLANG_ENABLE_OBJC_ARC = YES;
				CLANG_WARN_EMPTY_BODY = YES;
				CLANG_WARN__DUPLICATE_METHOD_MATCH = YES;
				"CODE_SIGN_IDENTITY[sdk=iphoneos*]" = "iPhone Developer";
				COPY_PHASE_STRIP = NO;
				GCC_C_LANGUAGE_STANDARD = gnu99;
				GCC_DYNAMIC_NO_PIC = NO;
				GCC_OPTIMIZATION_LEVEL = 0;
				GCC_PREPROCESSOR_DEFINITIONS = (
					"DEBUG=1",
					"$(inherited)",
				);
				GCC_SYMBOLS_PRIVATE_EXTERN = NO;
				GCC_WARN_ABOUT_RETURN_TYPE = YES;
				GCC_WARN_UNINITIALIZED_AUTOS = YES;
				GCC_WARN_UNUSED_VARIABLE = YES;
				IPHONEOS_DEPLOYMENT_TARGET = 6.0;
				ONLY_ACTIVE_ARCH = YES;
				SDKROOT = iphoneos;
				TARGETED_DEVICE_FAMILY = "1,2";
			};
			name = Debug;
		};
		741C1E77168CB20400FAB66C /* Release */ = {
			isa = XCBuildConfiguration;
			buildSettings = {
				ALWAYS_SEARCH_USER_PATHS = NO;
				CLANG_CXX_LANGUAGE_STANDARD = "gnu++0x";
				CLANG_CXX_LIBRARY = "libc++";
				CLANG_ENABLE_OBJC_ARC = YES;
				CLANG_WARN_EMPTY_BODY = YES;
				CLANG_WARN__DUPLICATE_METHOD_MATCH = YES;
				"CODE_SIGN_IDENTITY[sdk=iphoneos*]" = "iPhone Developer";
				COPY_PHASE_STRIP = YES;
				GCC_C_LANGUAGE_STANDARD = gnu99;
				GCC_WARN_ABOUT_RETURN_TYPE = YES;
				GCC_WARN_UNINITIALIZED_AUTOS = YES;
				GCC_WARN_UNUSED_VARIABLE = YES;
				IPHONEOS_DEPLOYMENT_TARGET = 6.0;
				OTHER_CFLAGS = "-DNS_BLOCK_ASSERTIONS=1";
				SDKROOT = iphoneos;
				TARGETED_DEVICE_FAMILY = "1,2";
				VALIDATE_PRODUCT = YES;
			};
			name = Release;
		};
		741C1E79168CB20400FAB66C /* Debug */ = {
			isa = XCBuildConfiguration;
			baseConfigurationReference = ABD67DB727B140809D1F826D /* Pods.xcconfig */;
			buildSettings = {
				GCC_PRECOMPILE_PREFIX_HEADER = YES;
				GCC_PREFIX_HEADER = "MyWays-iOS/MyWays-iOS-Prefix.pch";
				INFOPLIST_FILE = "MyWays-iOS/MyWays-iOS-Info.plist";
				PRODUCT_NAME = "$(TARGET_NAME)";
				WRAPPER_EXTENSION = app;
			};
			name = Debug;
		};
		741C1E7A168CB20400FAB66C /* Release */ = {
			isa = XCBuildConfiguration;
			baseConfigurationReference = ABD67DB727B140809D1F826D /* Pods.xcconfig */;
			buildSettings = {
				GCC_PRECOMPILE_PREFIX_HEADER = YES;
				GCC_PREFIX_HEADER = "MyWays-iOS/MyWays-iOS-Prefix.pch";
				INFOPLIST_FILE = "MyWays-iOS/MyWays-iOS-Info.plist";
				PRODUCT_NAME = "$(TARGET_NAME)";
				WRAPPER_EXTENSION = app;
			};
			name = Release;
		};
		741C1E7C168CB20400FAB66C /* Debug */ = {
			isa = XCBuildConfiguration;
			buildSettings = {
				BUNDLE_LOADER = "$(BUILT_PRODUCTS_DIR)/MyWays-iOS.app/MyWays-iOS";
				FRAMEWORK_SEARCH_PATHS = (
					"\"$(SDKROOT)/Developer/Library/Frameworks\"",
					"\"$(DEVELOPER_LIBRARY_DIR)/Frameworks\"",
				);
				GCC_PRECOMPILE_PREFIX_HEADER = YES;
				GCC_PREFIX_HEADER = "MyWays-iOS/MyWays-iOS-Prefix.pch";
				INFOPLIST_FILE = "MyWays-iOSTests/MyWays-iOSTests-Info.plist";
				PRODUCT_NAME = "$(TARGET_NAME)";
				TEST_HOST = "$(BUNDLE_LOADER)";
				WRAPPER_EXTENSION = octest;
			};
			name = Debug;
		};
		741C1E7D168CB20400FAB66C /* Release */ = {
			isa = XCBuildConfiguration;
			buildSettings = {
				BUNDLE_LOADER = "$(BUILT_PRODUCTS_DIR)/MyWays-iOS.app/MyWays-iOS";
				FRAMEWORK_SEARCH_PATHS = (
					"\"$(SDKROOT)/Developer/Library/Frameworks\"",
					"\"$(DEVELOPER_LIBRARY_DIR)/Frameworks\"",
				);
				GCC_PRECOMPILE_PREFIX_HEADER = YES;
				GCC_PREFIX_HEADER = "MyWays-iOS/MyWays-iOS-Prefix.pch";
				INFOPLIST_FILE = "MyWays-iOSTests/MyWays-iOSTests-Info.plist";
				PRODUCT_NAME = "$(TARGET_NAME)";
				TEST_HOST = "$(BUNDLE_LOADER)";
				WRAPPER_EXTENSION = octest;
			};
			name = Release;
		};
/* End XCBuildConfiguration section */

/* Begin XCConfigurationList section */
		741C1E36168CB20400FAB66C /* Build configuration list for PBXProject "MyWays-iOS" */ = {
			isa = XCConfigurationList;
			buildConfigurations = (
				741C1E76168CB20400FAB66C /* Debug */,
				741C1E77168CB20400FAB66C /* Release */,
			);
			defaultConfigurationIsVisible = 0;
			defaultConfigurationName = Release;
		};
		741C1E78168CB20400FAB66C /* Build configuration list for PBXNativeTarget "MyWays-iOS" */ = {
			isa = XCConfigurationList;
			buildConfigurations = (
				741C1E79168CB20400FAB66C /* Debug */,
				741C1E7A168CB20400FAB66C /* Release */,
			);
			defaultConfigurationIsVisible = 0;
			defaultConfigurationName = Release;
		};
		741C1E7B168CB20400FAB66C /* Build configuration list for PBXNativeTarget "MyWays-iOSTests" */ = {
			isa = XCConfigurationList;
			buildConfigurations = (
				741C1E7C168CB20400FAB66C /* Debug */,
				741C1E7D168CB20400FAB66C /* Release */,
			);
			defaultConfigurationIsVisible = 0;
			defaultConfigurationName = Release;
		};
/* End XCConfigurationList section */
	};
	rootObject = 741C1E33168CB20400FAB66C /* Project object */;
}
